
Microsoft Visual Studio Solution File, Format Version 12.00
# Visual Studio 15
VisualStudioVersion = 15.0.27703.2018
MinimumVisualStudioVersion = 10.0.40219.1
Project("{FAE04EC0-301F-11D3-BF4B-00C04F79EFBC}") = "vidly", "vidly\vidly.csproj", "{E19C5650-12EB-4913-B99B-FAA9BD3A4D97}"
EndProject
Global
	GlobalSection(SolutionConfigurationPlatforms) = preSolution
		Debug|Any CPU = Debug|Any CPU
		Release|Any CPU = Release|Any CPU
	EndGlobalSection
	GlobalSection(ProjectConfigurationPlatforms) = postSolution
		{E19C5650-12EB-4913-B99B-FAA9BD3A4D97}.Debug|Any CPU.ActiveCfg = Debug|Any CPU
		{E19C5650-12EB-4913-B99B-FAA9BD3A4D97}.Debug|Any CPU.Build.0 = Debug|Any CPU
		{E19C5650-12EB-4913-B99B-FAA9BD3A4D97}.Release|Any CPU.ActiveCfg = Release|Any CPU
		{E19C5650-12EB-4913-B99B-FAA9BD3A4D97}.Release|Any CPU.Build.0 = Release|Any CPU
	EndGlobalSection
	GlobalSection(SolutionProperties) = preSolution
		HideSolutionNode = FALSE
	EndGlobalSection
	GlobalSection(ExtensibilityGlobals) = postSolution
		SolutionGuid = {EB728CEB-20F1-42AF-8A0D-31FC7FDB0BC3}
	EndGlobalSection
EndGlobal
